{
  "name": "y",
  "version": "1.0.0",
  "lockfileVersion": 1,
  "requires": true,
  "dependencies": {
    "@braintree/sanitize-url": {
      "version": "3.1.0",
      "resolved": "https://registry.npm.taobao.org/@braintree/sanitize-url/download/@braintree/sanitize-url-3.1.0.tgz",
      "integrity": "sha1-j/cdUQU81e5JgeWlAdgKU2JE9/0="
    },
    "argparse": {
      "version": "2.0.1",
      "resolved": "https://registry.npm.taobao.org/argparse/download/argparse-2.0.1.tgz",
      "integrity": "sha1-JG9Q88p4oyQPbJl+ipvR6sSeSzg="
    },
    "asciimath-to-latex": {
      "version": "0.3.2",
      "resolved": "https://registry.npm.taobao.org/asciimath-to-latex/download/asciimath-to-latex-0.3.2.tgz",
      "integrity": "sha1-H25rNszBHj3gzu/6Pc4WSD7Ci04="
    },
    "buffer-from": {
      "version": "1.1.1",
      "resolved": "https://registry.npm.taobao.org/buffer-from/download/buffer-from-1.1.1.tgz",
      "integrity": "sha1-MnE7wCj3XAL9txDXx7zsHyxgcO8="
    },
    "camel-case": {
      "version": "3.0.0",
      "resolved": "https://registry.npm.taobao.org/camel-case/download/camel-case-3.0.0.tgz?cache=0&sync_timestamp=1606867454571&other_urls=https%3A%2F%2Fregistry.npm.taobao.org%2Fcamel-case%2Fdownload%2Fcamel-case-3.0.0.tgz",
      "integrity": "sha1-yjw2iKTpzzpM2nd9xNy8cTJJz3M=",
      "requires": {
        "no-case": "^2.2.0",
        "upper-case": "^1.1.1"
      }
    },
    "clean-css": {
      "version": "4.2.3",
      "resolved": "https://registry.npm.taobao.org/clean-css/download/clean-css-4.2.3.tgz?cache=0&sync_timestamp=1616153694274&other_urls=https%3A%2F%2Fregistry.npm.taobao.org%2Fclean-css%2Fdownload%2Fclean-css-4.2.3.tgz",
      "integrity": "sha1-UHtd59l7SO5T2ErbAWD/YhY4D3g=",
      "requires": {
        "source-map": "~0.6.0"
      }
    },
    "clone": {
      "version": "2.1.2",
      "resolved": "https://registry.npm.taobao.org/clone/download/clone-2.1.2.tgz",
      "integrity": "sha1-G39Ln1kfHo+DZwQBYANFoCiHQ18="
    },
    "commander": {
      "version": "2.20.3",
      "resolved": "https://registry.npm.taobao.org/commander/download/commander-2.20.3.tgz?cache=0&sync_timestamp=1616364569946&other_urls=https%3A%2F%2Fregistry.npm.taobao.org%2Fcommander%2Fdownload%2Fcommander-2.20.3.tgz",
      "integrity": "sha1-/UhehMA+tIgcIHIrpIA16FMa6zM="
    },
    "css-b64-images": {
      "version": "0.2.5",
      "resolved": "https://registry.npm.taobao.org/css-b64-images/download/css-b64-images-0.2.5.tgz",
      "integrity": "sha1-QgBdgyBLK0pdk7axpWRBM7WSegI="
    },
    "d3": {
      "version": "5.16.0",
      "resolved": "https://registry.npm.taobao.org/d3/download/d3-5.16.0.tgz",
      "integrity": "sha1-nF6NO1ZAPHnU7UL71i9hE/GZyHc=",
      "requires": {
        "d3-array": "1",
        "d3-axis": "1",
        "d3-brush": "1",
        "d3-chord": "1",
        "d3-collection": "1",
        "d3-color": "1",
        "d3-contour": "1",
        "d3-dispatch": "1",
        "d3-drag": "1",
        "d3-dsv": "1",
        "d3-ease": "1",
        "d3-fetch": "1",
        "d3-force": "1",
        "d3-format": "1",
        "d3-geo": "1",
        "d3-hierarchy": "1",
        "d3-interpolate": "1",
        "d3-path": "1",
        "d3-polygon": "1",
        "d3-quadtree": "1",
        "d3-random": "1",
        "d3-scale": "2",
        "d3-scale-chromatic": "1",
        "d3-selection": "1",
        "d3-shape": "1",
        "d3-time": "1",
        "d3-time-format": "2",
        "d3-timer": "1",
        "d3-transition": "1",
        "d3-voronoi": "1",
        "d3-zoom": "1"
      }
    },
    "d3-array": {
      "version": "1.2.4",
      "resolved": "https://registry.npm.taobao.org/d3-array/download/d3-array-1.2.4.tgz",
      "integrity": "sha1-Y1zk1e6nWfb2BYY9vPww7cc39x8="
    },
    "d3-axis": {
      "version": "1.0.12",
      "resolved": "https://registry.npm.taobao.org/d3-axis/download/d3-axis-1.0.12.tgz",
      "integrity": "sha1-zfILohDPu0N5WvM3Vohvs2ONqsk="
    },
    "d3-brush": {
      "version": "1.1.6",
      "resolved": "https://registry.npm.taobao.org/d3-brush/download/d3-brush-1.1.6.tgz",
      "integrity": "sha1-sKIsc3LKvsEovd35vdwFhZL4nps=",
      "requires": {
        "d3-dispatch": "1",
        "d3-drag": "1",
        "d3-interpolate": "1",
        "d3-selection": "1",
        "d3-transition": "1"
      }
    },
    "d3-chord": {
      "version": "1.0.6",
      "resolved": "https://registry.npm.taobao.org/d3-chord/download/d3-chord-1.0.6.tgz",
      "integrity": "sha1-MJFX4/LbLHUvAoD+3TXyBnzLsV8=",
      "requires": {
        "d3-array": "1",
        "d3-path": "1"
      }
    },
    "d3-collection": {
      "version": "1.0.7",
      "resolved": "https://registry.npm.taobao.org/d3-collection/download/d3-collection-1.0.7.tgz",
      "integrity": "sha1-NJvSqpl32wcQkcExRNXk8WtbMQ4="
    },
    "d3-color": {
      "version": "1.4.1",
      "resolved": "https://registry.npm.taobao.org/d3-color/download/d3-color-1.4.1.tgz",
      "integrity": "sha1-xSACv4hGraRCTVXZeYL+8m6zvIo="
    },
    "d3-contour": {
      "version": "1.3.2",
      "resolved": "https://registry.npm.taobao.org/d3-contour/download/d3-contour-1.3.2.tgz",
      "integrity": "sha1-ZSqs1QDSJkyzQjzuENtp9vWb6tM=",
      "requires": {
        "d3-array": "^1.1.1"
      }
    },
    "d3-dispatch": {
      "version": "1.0.6",
      "resolved": "https://registry.npm.taobao.org/d3-dispatch/download/d3-dispatch-1.0.6.tgz",
      "integrity": "sha1-ANN7zuTdjNl3Kd2JOgrCnKq6XVg="
    },
    "d3-drag": {
      "version": "1.2.5",
      "resolved": "https://registry.npm.taobao.org/d3-drag/download/d3-drag-1.2.5.tgz",
      "integrity": "sha1-JTf0UazTnTFAZne33HfIL32Yj3A=",
      "requires": {
        "d3-dispatch": "1",
        "d3-selection": "1"
      }
    },
    "d3-dsv": {
      "version": "1.2.0",
      "resolved": "https://registry.npm.taobao.org/d3-dsv/download/d3-dsv-1.2.0.tgz",
      "integrity": "sha1-nV91w6X4q9YR900/WEew1DOLiFw=",
      "requires": {
        "commander": "2",
        "iconv-lite": "0.4",
        "rw": "1"
      }
    },
    "d3-ease": {
      "version": "1.0.7",
      "resolved": "https://registry.npm.taobao.org/d3-ease/download/d3-ease-1.0.7.tgz",
      "integrity": "sha1-moNIkO+LiujFWLL+Vb1X9Zk7heI="
    },
    "d3-fetch": {
      "version": "1.2.0",
      "resolved": "https://registry.npm.taobao.org/d3-fetch/download/d3-fetch-1.2.0.tgz",
      "integrity": "sha1-Fc4uz8QbCSsdtQq9LFUsIxbPf8c=",
      "requires": {
        "d3-dsv": "1"
      }
    },
    "d3-force": {
      "version": "1.2.1",
      "resolved": "https://registry.npm.taobao.org/d3-force/download/d3-force-1.2.1.tgz",
      "integrity": "sha1-/Sml0f8YHJ5/BmnkvXK9sOkU7As=",
      "requires": {
        "d3-collection": "1",
        "d3-dispatch": "1",
        "d3-quadtree": "1",
        "d3-timer": "1"
      }
    },
    "d3-format": {
      "version": "1.4.5",
      "resolved": "https://registry.npm.taobao.org/d3-format/download/d3-format-1.4.5.tgz",
      "integrity": "sha1-N08roTIONxfrdKk1bGfa7hen7bQ="
    },
    "d3-geo": {
      "version": "1.12.1",
      "resolved": "https://registry.npm.taobao.org/d3-geo/download/d3-geo-1.12.1.tgz",
      "integrity": "sha1-f8KrdBS3Lln7y9YD6A2a3AKbA18=",
      "requires": {
        "d3-array": "1"
      }
    },
    "d3-hierarchy": {
      "version": "1.1.9",
      "resolved": "https://registry.npm.taobao.org/d3-hierarchy/download/d3-hierarchy-1.1.9.tgz",
      "integrity": "sha1-L2vuJMqupD+Nw3VF+gFihVlkeoM="
    },
    "d3-interpolate": {
      "version": "1.4.0",
      "resolved": "https://registry.npm.taobao.org/d3-interpolate/download/d3-interpolate-1.4.0.tgz",
      "integrity": "sha1-Um554tgNqjg/ngwcHH3MDwWD6Yc=",
      "requires": {
        "d3-color": "1"
      }
    },
    "d3-path": {
      "version": "1.0.9",
      "resolved": "https://registry.npm.taobao.org/d3-path/download/d3-path-1.0.9.tgz",
      "integrity": "sha1-SMBQux/owmJJOoyvVSTj6VkXAc8="
    },
    "d3-polygon": {
      "version": "1.0.6",
      "resolved": "https://registry.npm.taobao.org/d3-polygon/download/d3-polygon-1.0.6.tgz",
      "integrity": "sha1-C/jLgYCm3BB/UY3feXXhKrv7044="
    },
    "d3-quadtree": {
      "version": "1.0.7",
      "resolved": "https://registry.npm.taobao.org/d3-quadtree/download/d3-quadtree-1.0.7.tgz",
      "integrity": "sha1-youE33u1N2P+PC8kvUNRN/TlMTU="
    },
    "d3-random": {
      "version": "1.1.2",
      "resolved": "https://registry.npm.taobao.org/d3-random/download/d3-random-1.1.2.tgz",
      "integrity": "sha1-KDO+fBJDYL+eLT/U8zhHz+bKspE="
    },
    "d3-scale": {
      "version": "2.2.2",
      "resolved": "https://registry.npm.taobao.org/d3-scale/download/d3-scale-2.2.2.tgz",
      "integrity": "sha1-TogOCydFrKrd0+3iap6Qip4XuB8=",
      "requires": {
        "d3-array": "^1.2.0",
        "d3-collection": "1",
        "d3-format": "1",
        "d3-interpolate": "1",
        "d3-time": "1",
        "d3-time-format": "2"
      }
    },
    "d3-scale-chromatic": {
      "version": "1.5.0",
      "resolved": "https://registry.npm.taobao.org/d3-scale-chromatic/download/d3-scale-chromatic-1.5.0.tgz",
      "integrity": "sha1-VOMz/HghL0ObFGQftVgB3YETWpg=",
      "requires": {
        "d3-color": "1",
        "d3-interpolate": "1"
      }
    },
    "d3-selection": {
      "version": "1.4.2",
      "resolved": "https://registry.npm.taobao.org/d3-selection/download/d3-selection-1.4.2.tgz",
      "integrity": "sha1-3KpJUiwNvzLWwYWK/Ca2CUVVvFw="
    },
    "d3-shape": {
      "version": "1.3.7",
      "resolved": "https://registry.npm.taobao.org/d3-shape/download/d3-shape-1.3.7.tgz",
      "integrity": "sha1-32OAG+B7yYa8VPY3ibT+UCmStdc=",
      "requires": {
        "d3-path": "1"
      }
    },
    "d3-time": {
      "version": "1.1.0",
      "resolved": "https://registry.npm.taobao.org/d3-time/download/d3-time-1.1.0.tgz",
      "integrity": "sha1-seGdMH2unJALflsl/8XcwkmooPE="
    },
    "d3-time-format": {
      "version": "2.3.0",
      "resolved": "https://registry.npm.taobao.org/d3-time-format/download/d3-time-format-2.3.0.tgz",
      "integrity": "sha1-EHvcAoZneIqJJLoED68fvM1aeFA=",
      "requires": {
        "d3-time": "1"
      }
    },
    "d3-timer": {
      "version": "1.0.10",
      "resolved": "https://registry.npm.taobao.org/d3-timer/download/d3-timer-1.0.10.tgz",
      "integrity": "sha1-3+dripF0iDGxO22ceT/71QjdneU="
    },
    "d3-transition": {
      "version": "1.3.2",
      "resolved": "https://registry.npm.taobao.org/d3-transition/download/d3-transition-1.3.2.tgz",
      "integrity": "sha1-qY7yFRvo2GAFQ0NMHKgBQK4js5g=",
      "requires": {
        "d3-color": "1",
        "d3-dispatch": "1",
        "d3-ease": "1",
        "d3-interpolate": "1",
        "d3-selection": "^1.1.0",
        "d3-timer": "1"
      }
    },
    "d3-voronoi": {
      "version": "1.1.4",
      "resolved": "https://registry.npm.taobao.org/d3-voronoi/download/d3-voronoi-1.1.4.tgz",
      "integrity": "sha1-3Tx412U9K7NZKErkeGRdlZRMgpc="
    },
    "d3-zoom": {
      "version": "1.8.3",
      "resolved": "https://registry.npm.taobao.org/d3-zoom/download/d3-zoom-1.8.3.tgz",
      "integrity": "sha1-tqPb5zjHdjEhzQW4p3lf/hf0/Ao=",
      "requires": {
        "d3-dispatch": "1",
        "d3-drag": "1",
        "d3-interpolate": "1",
        "d3-selection": "1",
        "d3-transition": "1"
      }
    },
    "dagre": {
      "version": "0.8.5",
      "resolved": "https://registry.npm.taobao.org/dagre/download/dagre-0.8.5.tgz",
      "integrity": "sha1-ujCwBV2sErbB/MJHgXRCd30Gr+4=",
      "requires": {
        "graphlib": "^2.1.8",
        "lodash": "^4.17.15"
      }
    },
    "dagre-d3": {
      "version": "0.6.4",
      "resolved": "https://registry.npm.taobao.org/dagre-d3/download/dagre-d3-0.6.4.tgz",
      "integrity": "sha1-ByjVzn8XfKIzffFBzrYPvm7reyk=",
      "requires": {
        "d3": "^5.14",
        "dagre": "^0.8.5",
        "graphlib": "^2.1.8",
        "lodash": "^4.17.15"
      }
    },
    "debug": {
      "version": "4.3.1",
      "resolved": "https://registry.npm.taobao.org/debug/download/debug-4.3.1.tgz?cache=0&sync_timestamp=1607566512593&other_urls=https%3A%2F%2Fregistry.npm.taobao.org%2Fdebug%2Fdownload%2Fdebug-4.3.1.tgz",
      "integrity": "sha1-8NIpxQXgxtjEmsVT0bE9wYP2su4=",
      "requires": {
        "ms": "2.1.2"
      }
    },
    "echarts": {
      "version": "5.1.0",
      "resolved": "https://registry.npm.taobao.org/echarts/download/echarts-5.1.0.tgz",
      "integrity": "sha1-dozFhaoJJWD0jwGy1S3kk67s0rA=",
      "requires": {
        "tslib": "2.0.3",
        "zrender": "5.1.0"
      }
    },
    "entities": {
      "version": "2.1.0",
      "resolved": "https://registry.npm.taobao.org/entities/download/entities-2.1.0.tgz?cache=0&sync_timestamp=1611535711703&other_urls=https%3A%2F%2Fregistry.npm.taobao.org%2Fentities%2Fdownload%2Fentities-2.1.0.tgz",
      "integrity": "sha1-mS0xKc999ocLlsV4WMJJoSD4uLU="
    },
    "entity-decode": {
      "version": "2.0.2",
      "resolved": "https://registry.npm.taobao.org/entity-decode/download/entity-decode-2.0.2.tgz",
      "integrity": "sha1-5PgH5SwylCRuk0fR8rArB/1fkuc=",
      "requires": {
        "he": "^1.1.1"
      }
    },
    "eve-raphael": {
      "version": "0.5.0",
      "resolved": "https://registry.npm.taobao.org/eve-raphael/download/eve-raphael-0.5.0.tgz",
      "integrity": "sha1-F8dUt5K+7z+maE15z1pHxjxM2jA="
    },
    "flowchart.js": {
      "version": "1.15.0",
      "resolved": "https://registry.npm.taobao.org/flowchart.js/download/flowchart.js-1.15.0.tgz",
      "integrity": "sha1-Eyui3xSvCmXmcoACbvBaH/0WVp8=",
      "requires": {
        "raphael": "2.3.0"
      }
    },
    "font-awesome-icon-chars": {
      "version": "2.6.0",
      "resolved": "https://registry.npm.taobao.org/font-awesome-icon-chars/download/font-awesome-icon-chars-2.6.0.tgz",
      "integrity": "sha1-mb+cVxLbBsEV9BnxILowVnljhRs="
    },
    "github-markdown-css": {
      "version": "4.0.0",
      "resolved": "https://registry.npm.taobao.org/github-markdown-css/download/github-markdown-css-4.0.0.tgz",
      "integrity": "sha1-vp9Mr3o4kijUw2gzYmD/yQkGHzU="
    },
    "graphlib": {
      "version": "2.1.8",
      "resolved": "https://registry.npm.taobao.org/graphlib/download/graphlib-2.1.8.tgz",
      "integrity": "sha1-V2HUFHN4cAhMkux7XbywWSydNdo=",
      "requires": {
        "lodash": "^4.17.15"
      }
    },
    "he": {
      "version": "1.2.0",
      "resolved": "https://registry.npm.taobao.org/he/download/he-1.2.0.tgz",
      "integrity": "sha1-hK5l+n6vsWX922FWauFLrwVmTw8="
    },
    "highlight.js": {
      "version": "10.7.2",
      "resolved": "https://registry.npm.taobao.org/highlight.js/download/highlight.js-10.7.2.tgz",
      "integrity": "sha1-iTGbhh7cZsSIVO0ebaIeqJ+Ec2A="
    },
    "html-minifier": {
      "version": "4.0.0",
      "resolved": "https://registry.npm.taobao.org/html-minifier/download/html-minifier-4.0.0.tgz",
      "integrity": "sha1-zKmq2LzhF14C4XqMM+RtiYiIn1Y=",
      "requires": {
        "camel-case": "^3.0.0",
        "clean-css": "^4.2.1",
        "commander": "^2.19.0",
        "he": "^1.2.0",
        "param-case": "^2.1.1",
        "relateurl": "^0.2.7",
        "uglify-js": "^3.5.1"
      }
    },
    "iconv-lite": {
      "version": "0.4.24",
      "resolved": "https://registry.npm.taobao.org/iconv-lite/download/iconv-lite-0.4.24.tgz",
      "integrity": "sha1-ICK0sl+93CHS9SSXSkdKr+czkIs=",
      "requires": {
        "safer-buffer": ">= 2.1.2 < 3"
      }
    },
    "katex": {
      "version": "0.6.0",
      "resolved": "https://registry.npm.taobao.org/katex/download/katex-0.6.0.tgz?cache=0&sync_timestamp=1617762255456&other_urls=https%3A%2F%2Fregistry.npm.taobao.org%2Fkatex%2Fdownload%2Fkatex-0.6.0.tgz",
      "integrity": "sha1-EkGOCRIcBckgQbazuftrqyE8tvM=",
      "requires": {
        "match-at": "^0.1.0"
      }
    },
    "khroma": {
      "version": "1.4.1",
      "resolved": "https://registry.npm.taobao.org/khroma/download/khroma-1.4.1.tgz",
      "integrity": "sha1-rWpbapcr78URLOUSmIehqDrywAM="
    },
    "linkify-it": {
      "version": "3.0.2",
      "resolved": "https://registry.npm.taobao.org/linkify-it/download/linkify-it-3.0.2.tgz",
      "integrity": "sha1-9V7ri8HTrnVASeEkqzu1bZd5f7g=",
      "requires": {
        "uc.micro": "^1.0.1"
      }
    },
    "lodash": {
      "version": "4.17.21",
      "resolved": "https://registry.npm.taobao.org/lodash/download/lodash-4.17.21.tgz?cache=0&sync_timestamp=1613835817439&other_urls=https%3A%2F%2Fregistry.npm.taobao.org%2Flodash%2Fdownload%2Flodash-4.17.21.tgz",
      "integrity": "sha1-Z5WRxWTDv/quhFTPCz3zcMPWkRw="
    },
    "lower-case": {
      "version": "1.1.4",
      "resolved": "https://registry.npm.taobao.org/lower-case/download/lower-case-1.1.4.tgz",
      "integrity": "sha1-miyr0bno4K6ZOkv31YdcOcQujqw="
    },
    "markdown-it": {
      "version": "12.0.6",
      "resolved": "https://registry.npm.taobao.org/markdown-it/download/markdown-it-12.0.6.tgz?cache=0&sync_timestamp=1618575147599&other_urls=https%3A%2F%2Fregistry.npm.taobao.org%2Fmarkdown-it%2Fdownload%2Fmarkdown-it-12.0.6.tgz",
      "integrity": "sha1-rcyOX+Agryksy98WH+hPGWFRYTg=",
      "requires": {
        "argparse": "^2.0.1",
        "entities": "~2.1.0",
        "linkify-it": "^3.0.1",
        "mdurl": "^1.0.1",
        "uc.micro": "^1.0.5"
      }
    },
    "markdown-it-abbr": {
      "version": "1.0.4",
      "resolved": "https://registry.npm.taobao.org/markdown-it-abbr/download/markdown-it-abbr-1.0.4.tgz",
      "integrity": "sha1-1mtTZFIcuz3Yqlna37ovtoZcj9g="
    },
    "markdown-it-container": {
      "version": "3.0.0",
      "resolved": "https://registry.npm.taobao.org/markdown-it-container/download/markdown-it-container-3.0.0.tgz",
      "integrity": "sha1-HRmwYECgIPmoJ1d7t9v2eqXemls="
    },
    "markdown-it-deflist": {
      "version": "2.1.0",
      "resolved": "https://registry.npm.taobao.org/markdown-it-deflist/download/markdown-it-deflist-2.1.0.tgz",
      "integrity": "sha1-UNela5VEzYElL3YjvXheKKjc71w="
    },
    "markdown-it-emoji": {
      "version": "2.0.0",
      "resolved": "https://registry.npm.taobao.org/markdown-it-emoji/download/markdown-it-emoji-2.0.0.tgz",
      "integrity": "sha1-MWStTACe/ZRumCdPdWKtYRCJojE="
    },
    "markdown-it-footnote": {
      "version": "3.0.2",
      "resolved": "https://registry.npm.taobao.org/markdown-it-footnote/download/markdown-it-footnote-3.0.2.tgz",
      "integrity": "sha1-FXXuegk2SNTglqozOGsFjZKsi8E="
    },
    "markdown-it-github-toc": {
      "version": "3.2.4",
      "resolved": "https://registry.npm.taobao.org/markdown-it-github-toc/download/markdown-it-github-toc-3.2.4.tgz",
      "integrity": "sha1-Z812DDA2mKHxltnBijhNTYDeGns=",
      "requires": {
        "uslug": "^1.0.4"
      }
    },
    "markdown-it-ins": {
      "version": "3.0.1",
      "resolved": "https://registry.npm.taobao.org/markdown-it-ins/download/markdown-it-ins-3.0.1.tgz",
      "integrity": "sha1-wJNWuRfPHb9zrdCyddZ6uMc9S00="
    },
    "markdown-it-katex": {
      "version": "2.0.3",
      "resolved": "https://registry.npm.taobao.org/markdown-it-katex/download/markdown-it-katex-2.0.3.tgz",
      "integrity": "sha1-17hqGuoLnWSW+rTnkZoY/e9YnDk=",
      "requires": {
        "katex": "^0.6.0"
      }
    },
    "markdown-it-latex": {
      "version": "0.2.0",
      "resolved": "https://registry.npm.taobao.org/markdown-it-latex/download/markdown-it-latex-0.2.0.tgz",
      "integrity": "sha1-t0Id247P22X0QotQaRwTCOGKsvA=",
      "requires": {
        "asciimath-to-latex": "^0.3.2",
        "katex": "^0.9.0-alpha2"
      },
      "dependencies": {
        "katex": {
          "version": "0.9.0",
          "resolved": "https://registry.npm.taobao.org/katex/download/katex-0.9.0.tgz?cache=0&sync_timestamp=1617762255456&other_urls=https%3A%2F%2Fregistry.npm.taobao.org%2Fkatex%2Fdownload%2Fkatex-0.9.0.tgz",
          "integrity": "sha1-JqfQgsIdU3JUItLXHamy2EVfvUo=",
          "requires": {
            "match-at": "^0.1.1"
          }
        }
      }
    },
    "markdown-it-mark": {
      "version": "3.0.1",
      "resolved": "https://registry.npm.taobao.org/markdown-it-mark/download/markdown-it-mark-3.0.1.tgz",
      "integrity": "sha1-USV9tYeH14qvRtwTQY2ZqfPw69M="
    },
    "markdown-it-regex": {
      "version": "0.2.0",
      "resolved": "https://registry.npm.taobao.org/markdown-it-regex/download/markdown-it-regex-0.2.0.tgz",
      "integrity": "sha1-4JrS11IJcg1ZHTlJ4RQsdcD77PY="
    },
    "markdown-it-source-map": {
      "version": "0.1.1",
      "resolved": "https://registry.npm.taobao.org/markdown-it-source-map/download/markdown-it-source-map-0.1.1.tgz",
      "integrity": "sha1-jYw+qzXtHrU5nscYFKS0NeJ1VW8="
    },
    "markdown-it-sub": {
      "version": "1.0.0",
      "resolved": "https://registry.npm.taobao.org/markdown-it-sub/download/markdown-it-sub-1.0.0.tgz",
      "integrity": "sha1-N1/WAm6ufdywEkl/ZBEZXqHjr+g="
    },
    "markdown-it-sup": {
      "version": "1.0.0",
      "resolved": "https://registry.npm.taobao.org/markdown-it-sup/download/markdown-it-sup-1.0.0.tgz",
      "integrity": "sha1-y5yf+RpSVawI8/09YyhuFd8KH8M="
    },
    "markdown-it-task-lists": {
      "version": "2.1.1",
      "resolved": "https://registry.npm.taobao.org/markdown-it-task-lists/download/markdown-it-task-lists-2.1.1.tgz",
      "integrity": "sha1-9o9NKsK61aLDc7qTCBoaaEhBcIg="
    },
    "markdown-it-toc-and-anchor": {
      "version": "4.2.0",
      "resolved": "https://registry.npm.taobao.org/markdown-it-toc-and-anchor/download/markdown-it-toc-and-anchor-4.2.0.tgz",
      "integrity": "sha1-0WEzJ8xjxh+CzWbLrFVk9NsSwOk=",
      "requires": {
        "clone": "^2.1.0",
        "uslug": "^1.0.4"
      }
    },
    "markdown-it-vue": {
      "version": "1.1.6",
      "resolved": "https://registry.npm.taobao.org/markdown-it-vue/download/markdown-it-vue-1.1.6.tgz",
      "integrity": "sha1-MH6tehJCkntCrt+hMH1o689BgRY=",
      "requires": {
        "echarts": "^5.0.0",
        "flowchart.js": "^1.15.0",
        "font-awesome-icon-chars": "^2.6.0",
        "github-markdown-css": "^4.0.0",
        "highlight.js": "^10.4.1",
        "markdown-it": "^12.0.4",
        "markdown-it-abbr": "^1.0.4",
        "markdown-it-container": "^3.0.0",
        "markdown-it-deflist": "^2.1.0",
        "markdown-it-emoji": "^2.0.0",
        "markdown-it-footnote": "^3.0.1",
        "markdown-it-github-toc": "^3.2.4",
        "markdown-it-ins": "^3.0.1",
        "markdown-it-katex": "^2.0.3",
        "markdown-it-latex": "^0.2.0",
        "markdown-it-mark": "^3.0.1",
        "markdown-it-regex": "^0.2.0",
        "markdown-it-source-map": "^0.1.1",
        "markdown-it-sub": "^1.0.0",
        "markdown-it-sup": "^1.0.0",
        "markdown-it-task-lists": "^2.1.1",
        "markdown-it-toc-and-anchor": "^4.1.2",
        "mermaid": "^8.8.4",
        "vue": "^2.6.12"
      }
    },
    "match-at": {
      "version": "0.1.1",
      "resolved": "https://registry.npm.taobao.org/match-at/download/match-at-0.1.1.tgz",
      "integrity": "sha1-JdBA0pF3dwTV5lVru3kjDsLeBUA="
    },
    "mdurl": {
      "version": "1.0.1",
      "resolved": "https://registry.npm.taobao.org/mdurl/download/mdurl-1.0.1.tgz",
      "integrity": "sha1-/oWy7HWlkDfyrf7BAP1sYBdhFS4="
    },
    "mermaid": {
      "version": "8.9.2",
      "resolved": "https://registry.npm.taobao.org/mermaid/download/mermaid-8.9.2.tgz",
      "integrity": "sha1-QLsgUsxsT+r12TpeUnqNBtC6zqc=",
      "requires": {
        "@braintree/sanitize-url": "^3.1.0",
        "d3": "^5.7.0",
        "dagre": "^0.8.4",
        "dagre-d3": "^0.6.4",
        "entity-decode": "^2.0.2",
        "graphlib": "^2.1.7",
        "he": "^1.2.0",
        "khroma": "^1.1.0",
        "minify": "^4.1.1",
        "moment-mini": "^2.22.1",
        "stylis": "^3.5.2"
      }
    },
    "minify": {
      "version": "4.1.3",
      "resolved": "https://registry.npm.taobao.org/minify/download/minify-4.1.3.tgz",
      "integrity": "sha1-WEZ5ItFDA/VaOij6eWQTcZVbj70=",
      "requires": {
        "clean-css": "^4.1.6",
        "css-b64-images": "~0.2.5",
        "debug": "^4.1.0",
        "html-minifier": "^4.0.0",
        "terser": "^4.0.0",
        "try-catch": "^2.0.0",
        "try-to-catch": "^1.0.2"
      }
    },
    "moment-mini": {
      "version": "2.24.0",
      "resolved": "https://registry.npm.taobao.org/moment-mini/download/moment-mini-2.24.0.tgz",
      "integrity": "sha1-+mjZj3/pOuZb8SYvartftpg9jRg="
    },
    "ms": {
      "version": "2.1.2",
      "resolved": "https://registry.npm.taobao.org/ms/download/ms-2.1.2.tgz",
      "integrity": "sha1-0J0fNXtEP0kzgqjrPM0YOHKuYAk="
    },
    "no-case": {
      "version": "2.3.2",
      "resolved": "https://registry.npm.taobao.org/no-case/download/no-case-2.3.2.tgz",
      "integrity": "sha1-YLgTOWvjmz8SiKTB7V0efSi0ZKw=",
      "requires": {
        "lower-case": "^1.1.1"
      }
    },
    "param-case": {
      "version": "2.1.1",
      "resolved": "https://registry.npm.taobao.org/param-case/download/param-case-2.1.1.tgz",
      "integrity": "sha1-35T9jPZTHs915r75oIWPvHK+Ikc=",
      "requires": {
        "no-case": "^2.2.0"
      }
    },
    "raphael": {
      "version": "2.3.0",
      "resolved": "https://registry.npm.taobao.org/raphael/download/raphael-2.3.0.tgz",
      "integrity": "sha1-6r6wnbqGGh1M7gd+qvuMU/MTH4k=",
      "requires": {
        "eve-raphael": "0.5.0"
      }
    },
    "relateurl": {
      "version": "0.2.7",
      "resolved": "https://registry.npm.taobao.org/relateurl/download/relateurl-0.2.7.tgz",
      "integrity": "sha1-VNvzd+UUQKypCkzSdGANP/LYiKk="
    },
    "rw": {
      "version": "1.3.3",
      "resolved": "https://registry.npm.taobao.org/rw/download/rw-1.3.3.tgz",
      "integrity": "sha1-P4Yt+pGrdmsUiF700BEkv9oHT7Q="
    },
    "safer-buffer": {
      "version": "2.1.2",
      "resolved": "https://registry.npm.taobao.org/safer-buffer/download/safer-buffer-2.1.2.tgz",
      "integrity": "sha1-RPoWGwGHuVSd2Eu5GAL5vYOFzWo="
    },
    "source-map": {
      "version": "0.6.1",
      "resolved": "https://registry.npm.taobao.org/source-map/download/source-map-0.6.1.tgz",
      "integrity": "sha1-dHIq8y6WFOnCh6jQu95IteLxomM="
    },
    "source-map-support": {
      "version": "0.5.19",
      "resolved": "https://registry.npm.taobao.org/source-map-support/download/source-map-support-0.5.19.tgz",
      "integrity": "sha1-qYti+G3K9PZzmWSMCFKRq56P7WE=",
      "requires": {
        "buffer-from": "^1.0.0",
        "source-map": "^0.6.0"
      }
    },
    "stylis": {
      "version": "3.5.4",
      "resolved": "https://registry.npm.taobao.org/stylis/download/stylis-3.5.4.tgz",
      "integrity": "sha1-9mXyX14pnPPWRlSrlJpXx2i3P74="
    },
    "terser": {
      "version": "4.8.0",
      "resolved": "https://registry.npm.taobao.org/terser/download/terser-4.8.0.tgz?cache=0&sync_timestamp=1616002306469&other_urls=https%3A%2F%2Fregistry.npm.taobao.org%2Fterser%2Fdownload%2Fterser-4.8.0.tgz",
      "integrity": "sha1-YwVjQ9fHC7KfOvZlhlpG/gOg3xc=",
      "requires": {
        "commander": "^2.20.0",
        "source-map": "~0.6.1",
        "source-map-support": "~0.5.12"
      }
    },
    "try-catch": {
      "version": "2.0.1",
      "resolved": "https://registry.npm.taobao.org/try-catch/download/try-catch-2.0.1.tgz",
      "integrity": "sha1-o101QYfEIvKRoLz9nrd+Ok+QweU="
    },
    "try-to-catch": {
      "version": "1.1.1",
      "resolved": "https://registry.npm.taobao.org/try-to-catch/download/try-to-catch-1.1.1.tgz",
      "integrity": "sha1-dwFi3RO5oOVdoE21t/iIlWByA4o="
    },
    "tslib": {
      "version": "2.0.3",
      "resolved": "https://registry.npm.taobao.org/tslib/download/tslib-2.0.3.tgz",
      "integrity": "sha1-jgdBrEX8DCJuWKF7/D5kubxsphw="
    },
    "uc.micro": {
      "version": "1.0.6",
      "resolved": "https://registry.npm.taobao.org/uc.micro/download/uc.micro-1.0.6.tgz",
      "integrity": "sha1-nEEagCpAmpH8bPdAgbq6NLJEmaw="
    },
    "uglify-js": {
      "version": "3.13.4",
      "resolved": "https://registry.npm.taobao.org/uglify-js/download/uglify-js-3.13.4.tgz?cache=0&sync_timestamp=1618185908437&other_urls=https%3A%2F%2Fregistry.npm.taobao.org%2Fuglify-js%2Fdownload%2Fuglify-js-3.13.4.tgz",
      "integrity": "sha1-WSWIu59HrgOySRbiRxIY2RSVVXQ="
    },
    "unorm": {
      "version": "1.6.0",
      "resolved": "https://registry.npm.taobao.org/unorm/download/unorm-1.6.0.tgz",
      "integrity": "sha1-ApsolmH7pxTxqa9DnrUdmxbCBa8="
    },
    "upper-case": {
      "version": "1.1.3",
      "resolved": "https://registry.npm.taobao.org/upper-case/download/upper-case-1.1.3.tgz",
      "integrity": "sha1-9rRQHC7EzdJrp4vnIilh3ndiFZg="
    },
    "uslug": {
      "version": "1.0.4",
      "resolved": "https://registry.npm.taobao.org/uslug/download/uslug-1.0.4.tgz",
      "integrity": "sha1-uaIvCRTgqGFAYz2swwLl9PpFBnc=",
      "requires": {
        "unorm": ">= 1.0.0"
      }
    },
    "uview-ui": {
      "version": "1.8.4",
      "resolved": "https://registry.npm.taobao.org/uview-ui/download/uview-ui-1.8.4.tgz",
      "integrity": "sha1-4yu/I3lCHTGQIuMk4ct7U4fTvUQ="
    },
    "vue": {
      "version": "2.6.12",
      "resolved": "https://registry.npm.taobao.org/vue/download/vue-2.6.12.tgz?cache=0&sync_timestamp=1617321643721&other_urls=https%3A%2F%2Fregistry.npm.taobao.org%2Fvue%2Fdownload%2Fvue-2.6.12.tgz",
      "integrity": "sha1-9evU+mvShpQD4pqJau1JBEVskSM="
    },
    "zrender": {
      "version": "5.1.0",
      "resolved": "https://registry.npm.taobao.org/zrender/download/zrender-5.1.0.tgz?cache=0&sync_timestamp=1618215769844&other_urls=https%3A%2F%2Fregistry.npm.taobao.org%2Fzrender%2Fdownload%2Fzrender-5.1.0.tgz",
      "integrity": "sha1-tqhMOqfMxmQu4FGZAcpMCDXE2F4=",
      "requires": {
        "tslib": "2.0.3"
      }
    }
  }
}
